
Microsoft Visual Studio Solution File, Format Version 12.00
# Visual Studio Version 17
VisualStudioVersion = 17.13.35818.85 d17.13
MinimumVisualStudioVersion = 10.0.40219.1
Project("{FAE04EC0-301F-11D3-BF4B-00C04F79EFBC}") = "LinqProjects", "LinqProjects.csproj", "{C597D4A5-A2E2-F7BD-FE1D-D5C18188B239}"
EndProject
Global
	GlobalSection(SolutionConfigurationPlatforms) = preSolution
		Debug|Any CPU = Debug|Any CPU
		Release|Any CPU = Release|Any CPU
	EndGlobalSection
	GlobalSection(ProjectConfigurationPlatforms) = postSolution
		{C597D4A5-A2E2-F7BD-FE1D-D5C18188B239}.Debug|Any CPU.ActiveCfg = Debug|Any CPU
		{C597D4A5-A2E2-F7BD-FE1D-D5C18188B239}.Debug|Any CPU.Build.0 = Debug|Any CPU
		{C597D4A5-A2E2-F7BD-FE1D-D5C18188B239}.Release|Any CPU.ActiveCfg = Release|Any CPU
		{C597D4A5-A2E2-F7BD-FE1D-D5C18188B239}.Release|Any CPU.Build.0 = Release|Any CPU
	EndGlobalSection
	GlobalSection(SolutionProperties) = preSolution
		HideSolutionNode = FALSE
	EndGlobalSection
	GlobalSection(ExtensibilityGlobals) = postSolution
		SolutionGuid = {54007726-179A-413F-92D0-1E18757B9C89}
	EndGlobalSection
EndGlobal
